{
  "nodes": {
    "base-layer": {
      "locked": {
        "narHash": "sha256-xBR4XVJ8n9+WN6FtXzQTiQNRSqKy9UuGkajmT1l5Iik=",
        "path": "/nix/store/cvmlsp0y6zkys0bhy72pkfcphyk96gqm-source/layers/base",
        "type": "path"
      },
      "original": {
        "path": "/nix/store/cvmlsp0y6zkys0bhy72pkfcphyk96gqm-source/layers/base",
        "type": "path"
      }
    },
    "devshell": {
      "locked": {
        "lastModified": 1632436039,
        "narHash": "sha256-OtITeVWcKXn1SpVEnImpTGH91FycCskGBPqmlxiykv4=",
        "owner": "numtide",
        "repo": "devshell",
        "rev": "7a7a7aa0adebe5488e5abaec688fd9ae0f8ea9c6",
        "type": "github"
      },
      "original": {
        "owner": "numtide",
        "repo": "devshell",
        "type": "github"
      }
    },
    "flake-utils": {
      "locked": {
        "lastModified": 1631561581,
        "narHash": "sha256-3VQMV5zvxaVLvqqUrNz3iJelLw30mIVSfZmAaauM3dA=",
        "owner": "numtide",
        "repo": "flake-utils",
        "rev": "7e5bf3925f6fbdfaf50a2a7ca0be2879c4261d19",
        "type": "github"
      },
      "original": {
        "owner": "numtide",
        "repo": "flake-utils",
        "type": "github"
      }
    },
    "formatter": {
      "locked": {
        "narHash": "sha256-Uo2PR8tMR3QAo3xxp/N/NvAuDi2gDPri/lYjDxGvJN8=",
        "path": "/nix/store/cvmlsp0y6zkys0bhy72pkfcphyk96gqm-source/layers/formatter",
        "type": "path"
      },
      "original": {
        "path": "/nix/store/cvmlsp0y6zkys0bhy72pkfcphyk96gqm-source/layers/formatter",
        "type": "path"
      }
    },
    "languages": {
      "locked": {
        "narHash": "sha256-FjIaUVogtIo0BvJCJgjs8gVIPfZqpTYbBkqiFC92pg8=",
        "path": "/nix/store/cvmlsp0y6zkys0bhy72pkfcphyk96gqm-source/layers/languages",
        "type": "path"
      },
      "original": {
        "path": "/nix/store/cvmlsp0y6zkys0bhy72pkfcphyk96gqm-source/layers/languages",
        "type": "path"
      }
    },
    "lsp": {
      "locked": {
        "narHash": "sha256-nb9Sr7Gz+MEOaW5XMJnSmsMnoI6obqsPSTCGTalzxRU=",
        "path": "/nix/store/cvmlsp0y6zkys0bhy72pkfcphyk96gqm-source/layers/lsp",
        "type": "path"
      },
      "original": {
        "path": "/nix/store/cvmlsp0y6zkys0bhy72pkfcphyk96gqm-source/layers/lsp",
        "type": "path"
      }
    },
    "neovim": {
      "inputs": {
        "flake-utils": [
          "flake-utils"
        ],
        "nixpkgs": [
          "nixpkgs"
        ]
      },
      "locked": {
        "dir": "contrib",
        "lastModified": 1634420285,
        "narHash": "sha256-p5VXkD3GkimNbDDwcWyLsN9aw4oi597gNpmqHncKBKg=",
        "owner": "neovim",
        "repo": "neovim",
        "rev": "f19dc0608161622f7786eb3cddee27d086cc3ea3",
        "type": "github"
      },
      "original": {
        "dir": "contrib",
        "owner": "neovim",
        "repo": "neovim",
        "type": "github"
      }
    },
    "nixpkgs": {
      "locked": {
        "lastModified": 1633422745,
        "narHash": "sha256-gA6Ok64nPbkjHk3Oanq4641EeYkjcKhisDF9wBjLxEk=",
        "owner": "nixos",
        "repo": "nixpkgs",
        "rev": "8e1eab9eae4278c9bb1dcae426848a581943db5a",
        "type": "github"
      },
      "original": {
        "owner": "nixos",
        "ref": "nixpkgs-unstable",
        "repo": "nixpkgs",
        "type": "github"
      }
    },
    "pimplayer": {
      "inputs": {
        "rainglow": "rainglow"
      },
      "locked": {
        "narHash": "sha256-JALRLTRM+khlnDqOheo+WdSxiU2Tvx4gTE68/HhbSiw=",
        "path": "/nix/store/cvmlsp0y6zkys0bhy72pkfcphyk96gqm-source/layers/pimp",
        "type": "path"
      },
      "original": {
        "path": "/nix/store/cvmlsp0y6zkys0bhy72pkfcphyk96gqm-source/layers/pimp",
        "type": "path"
      }
    },
    "rainglow": {
      "flake": false,
      "locked": {
        "lastModified": 1515875106,
        "narHash": "sha256-3m94sIGiF7RUNnLtZ8SIAzjXS2BGGGpC1lvw5QrmPDM=",
        "owner": "rainglow",
        "repo": "vim",
        "rev": "837fd7292274e0ee2f3b5aee4519c3f74d7dc3d1",
        "type": "github"
      },
      "original": {
        "owner": "rainglow",
        "repo": "vim",
        "type": "github"
      }
    },
    "root": {
      "inputs": {
        "base-layer": "base-layer",
        "devshell": "devshell",
        "flake-utils": "flake-utils",
        "formatter": "formatter",
        "languages": "languages",
        "lsp": "lsp",
        "neovim": "neovim",
        "nixpkgs": "nixpkgs",
        "pimplayer": "pimplayer",
        "tree-sitter-layer": "tree-sitter-layer"
      }
    },
    "tree-sitter-layer": {
      "locked": {
        "narHash": "sha256-eadE09kaGhI0jrp1WOkwKmyEziTINfeGkOWVJ/ZhjE8=",
        "path": "/nix/store/cvmlsp0y6zkys0bhy72pkfcphyk96gqm-source/layers/tree-sitter",
        "type": "path"
      },
      "original": {
        "path": "/nix/store/cvmlsp0y6zkys0bhy72pkfcphyk96gqm-source/layers/tree-sitter",
        "type": "path"
      }
    }
  },
  "root": "root",
  "version": 7
}
