{
  "nodes": {
    "base-layer": {
      "inputs": {
        "plenary": "plenary",
        "telescope": "telescope",
        "which-key": "which-key"
      },
      "locked": {
        "narHash": "sha256-N6CE1hWMV6wB/x0SuJhSENjRKlgK3Jbzc28gqeJT/4g=",
        "path": "/nix/store/17h6rfimrd9kyzjzrc84g1kb2ssxsv9r-source/layers/base",
        "type": "path"
      },
      "original": {
        "path": "/nix/store/17h6rfimrd9kyzjzrc84g1kb2ssxsv9r-source/layers/base",
        "type": "path"
      }
    },
    "colorschemes": {
      "flake": false,
      "locked": {
        "lastModified": 1629054014,
        "narHash": "sha256-jlLsKaf+vAxW6Av570ZrYlD6jmeHCcqxNiV7nHT7bYU=",
        "owner": "rafi",
        "repo": "awesome-vim-colorschemes",
        "rev": "facbd7269201b1766369be9abc8bfc183938a9ae",
        "type": "github"
      },
      "original": {
        "owner": "rafi",
        "repo": "awesome-vim-colorschemes",
        "type": "github"
      }
    },
    "devshell": {
      "locked": {
        "lastModified": 1632436039,
        "narHash": "sha256-OtITeVWcKXn1SpVEnImpTGH91FycCskGBPqmlxiykv4=",
        "owner": "numtide",
        "repo": "devshell",
        "rev": "7a7a7aa0adebe5488e5abaec688fd9ae0f8ea9c6",
        "type": "github"
      },
      "original": {
        "owner": "numtide",
        "repo": "devshell",
        "type": "github"
      }
    },
    "flake-utils": {
      "locked": {
        "lastModified": 1631561581,
        "narHash": "sha256-3VQMV5zvxaVLvqqUrNz3iJelLw30mIVSfZmAaauM3dA=",
        "owner": "numtide",
        "repo": "flake-utils",
        "rev": "7e5bf3925f6fbdfaf50a2a7ca0be2879c4261d19",
        "type": "github"
      },
      "original": {
        "owner": "numtide",
        "repo": "flake-utils",
        "type": "github"
      }
    },
    "neovim": {
      "inputs": {
        "flake-utils": [
          "flake-utils"
        ],
        "nixpkgs": [
          "nixpkgs"
        ]
      },
      "locked": {
        "dir": "contrib",
        "lastModified": 1634420285,
        "narHash": "sha256-p5VXkD3GkimNbDDwcWyLsN9aw4oi597gNpmqHncKBKg=",
        "owner": "neovim",
        "repo": "neovim",
        "rev": "f19dc0608161622f7786eb3cddee27d086cc3ea3",
        "type": "github"
      },
      "original": {
        "dir": "contrib",
        "owner": "neovim",
        "repo": "neovim",
        "type": "github"
      }
    },
    "nixpkgs": {
      "locked": {
        "lastModified": 1633422745,
        "narHash": "sha256-gA6Ok64nPbkjHk3Oanq4641EeYkjcKhisDF9wBjLxEk=",
        "owner": "nixos",
        "repo": "nixpkgs",
        "rev": "8e1eab9eae4278c9bb1dcae426848a581943db5a",
        "type": "github"
      },
      "original": {
        "owner": "nixos",
        "ref": "nixpkgs-unstable",
        "repo": "nixpkgs",
        "type": "github"
      }
    },
    "nvim-treesitter": {
      "flake": false,
      "locked": {
        "lastModified": 1634940169,
        "narHash": "sha256-pYcZTqiDsltzeKZEwzdxAB7TQetDYdGB6DloMr3cLCg=",
        "owner": "nvim-treesitter",
        "repo": "nvim-treesitter",
        "rev": "0bbc6e3d164ab771c78c0f8905166d43939c7c12",
        "type": "github"
      },
      "original": {
        "owner": "nvim-treesitter",
        "repo": "nvim-treesitter",
        "type": "github"
      }
    },
    "pimplayer": {
      "inputs": {
        "colorschemes": "colorschemes",
        "rainglow": "rainglow"
      },
      "locked": {
        "narHash": "sha256-1hjwsM/5GGtCb+stN1xzxwOHjLltbbXCNujF4MsZigg=",
        "path": "/nix/store/17h6rfimrd9kyzjzrc84g1kb2ssxsv9r-source/layers/pimp",
        "type": "path"
      },
      "original": {
        "path": "/nix/store/17h6rfimrd9kyzjzrc84g1kb2ssxsv9r-source/layers/pimp",
        "type": "path"
      }
    },
    "plenary": {
      "flake": false,
      "locked": {
        "lastModified": 1634799895,
        "narHash": "sha256-RwsxUM2J6uPAVCmn0Z3pK3cc6A3lPHxzXHU6W60VErw=",
        "owner": "nvim-lua",
        "repo": "plenary.nvim",
        "rev": "de5acdcb595f0a97bec874693008c94f94b57060",
        "type": "github"
      },
      "original": {
        "owner": "nvim-lua",
        "repo": "plenary.nvim",
        "type": "github"
      }
    },
    "rainglow": {
      "flake": false,
      "locked": {
        "lastModified": 1515875106,
        "narHash": "sha256-3m94sIGiF7RUNnLtZ8SIAzjXS2BGGGpC1lvw5QrmPDM=",
        "owner": "rainglow",
        "repo": "vim",
        "rev": "837fd7292274e0ee2f3b5aee4519c3f74d7dc3d1",
        "type": "github"
      },
      "original": {
        "owner": "rainglow",
        "repo": "vim",
        "type": "github"
      }
    },
    "root": {
      "inputs": {
        "base-layer": "base-layer",
        "devshell": "devshell",
        "flake-utils": "flake-utils",
        "neovim": "neovim",
        "nixpkgs": "nixpkgs",
        "pimplayer": "pimplayer",
        "tree-sitter-layer": "tree-sitter-layer"
      }
    },
    "telescope": {
      "flake": false,
      "locked": {
        "lastModified": 1634809592,
        "narHash": "sha256-b8V1HZrXG5PbU3WblWvr0OK88HBqJL2B4lmbYcK1+Wo=",
        "owner": "nvim-telescope",
        "repo": "telescope.nvim",
        "rev": "f56222738b719f5ae94ed85fdf080690371da0b9",
        "type": "github"
      },
      "original": {
        "owner": "nvim-telescope",
        "repo": "telescope.nvim",
        "type": "github"
      }
    },
    "tree-sitter-layer": {
      "inputs": {
        "nvim-treesitter": "nvim-treesitter"
      },
      "locked": {
        "narHash": "sha256-Zgx7eR1+raXQyGzboLC0qBIVXAky2yS1uxgvFzssDGg=",
        "path": "/nix/store/17h6rfimrd9kyzjzrc84g1kb2ssxsv9r-source/layers/tree-sitter",
        "type": "path"
      },
      "original": {
        "path": "/nix/store/17h6rfimrd9kyzjzrc84g1kb2ssxsv9r-source/layers/tree-sitter",
        "type": "path"
      }
    },
    "which-key": {
      "flake": false,
      "locked": {
        "lastModified": 1628160854,
        "narHash": "sha256-eoaBx7PzctB0rwmBW/ba9O9rcbyRCNvBafWXHUToZAI=",
        "owner": "folke",
        "repo": "which-key.nvim",
        "rev": "b582c9d78f0d105041ed29ec3a8ee11d98ddfd50",
        "type": "github"
      },
      "original": {
        "owner": "folke",
        "repo": "which-key.nvim",
        "type": "github"
      }
    }
  },
  "root": "root",
  "version": 7
}
