{
  "nodes": {
    "aniseed": {
      "flake": false,
      "locked": {
        "lastModified": 1650810233,
        "narHash": "sha256-bYwso4JLsOJwPU6WvkEvNCVJeedpSg1TmhY8aQhYEYc=",
        "owner": "olical",
        "repo": "aniseed",
        "rev": "0c82834c134c77baae6c91af7e98a53a006f3c7b",
        "type": "github"
      },
      "original": {
        "owner": "olical",
        "repo": "aniseed",
        "type": "github"
      }
    },
    "catpuccino": {
      "flake": false,
      "locked": {
        "lastModified": 1650316185,
        "narHash": "sha256-KSjPg/93YzprFyAFKOcGYZXlm2kjxMIYTZOeuu7OJvE=",
        "owner": "catppuccin",
        "repo": "nvim",
        "rev": "8a67df6da476cba68ecf26a519a5279686edbd2e",
        "type": "github"
      },
      "original": {
        "owner": "catppuccin",
        "repo": "nvim",
        "type": "github"
      }
    },
    "cmp-cmdline": {
      "flake": false,
      "locked": {
        "lastModified": 1650974385,
        "narHash": "sha256-DeQVlV9ClBVfVJyW9objI6DCdXBOxX+ew8Mi/CpuMT0=",
        "owner": "hrsh7th",
        "repo": "cmp-cmdline",
        "rev": "a4ce23892e298c1798d9213d0bc901ecbc4313e6",
        "type": "github"
      },
      "original": {
        "owner": "hrsh7th",
        "repo": "cmp-cmdline",
        "type": "github"
      }
    },
    "dash-nvim": {
      "flake": false,
      "locked": {
        "lastModified": 1639249815,
        "narHash": "sha256-DSDOUjAYZydNLXbozlV2eisv3rV2PLlNmYTgwCKGIt0=",
        "owner": "mrjones2014",
        "repo": "dash.nvim",
        "rev": "6296e87fddece1996c7d324ef8511d6908184a55",
        "type": "github"
      },
      "original": {
        "owner": "mrjones2014",
        "repo": "dash.nvim",
        "type": "github"
      }
    },
    "devshell": {
      "inputs": {
        "flake-utils": "flake-utils",
        "nixpkgs": "nixpkgs"
      },
      "locked": {
        "lastModified": 1650900878,
        "narHash": "sha256-qhNncMBSa9STnhiLfELEQpYC1L4GrYHNIzyCZ/pilsI=",
        "owner": "numtide",
        "repo": "devshell",
        "rev": "d97df53b5ddaa1cfbea7cddbd207eb2634304733",
        "type": "github"
      },
      "original": {
        "owner": "numtide",
        "repo": "devshell",
        "type": "github"
      }
    },
    "flake-utils": {
      "locked": {
        "lastModified": 1642700792,
        "narHash": "sha256-XqHrk7hFb+zBvRg6Ghl+AZDq03ov6OshJLiSWOoX5es=",
        "owner": "numtide",
        "repo": "flake-utils",
        "rev": "846b2ae0fc4cc943637d3d1def4454213e203cba",
        "type": "github"
      },
      "original": {
        "owner": "numtide",
        "repo": "flake-utils",
        "type": "github"
      }
    },
    "flake-utils_2": {
      "locked": {
        "lastModified": 1649676176,
        "narHash": "sha256-OWKJratjt2RW151VUlJPRALb7OU2S5s+f0vLj4o1bHM=",
        "owner": "numtide",
        "repo": "flake-utils",
        "rev": "a4b154ebbdc88c8498a5c7b01589addc9e9cb678",
        "type": "github"
      },
      "original": {
        "owner": "numtide",
        "repo": "flake-utils",
        "type": "github"
      }
    },
    "guihua": {
      "flake": false,
      "locked": {
        "lastModified": 1650172663,
        "narHash": "sha256-ieqC5asEVpRvQ24xTKevV2kF8UdhejInIgQ55JKhApA=",
        "owner": "ray-x",
        "repo": "guihua.lua",
        "rev": "5f8f9edc1e7a1b01b29ac4d05683267db446e314",
        "type": "github"
      },
      "original": {
        "owner": "ray-x",
        "repo": "guihua.lua",
        "type": "github"
      }
    },
    "iron-nvim": {
      "flake": false,
      "locked": {
        "lastModified": 1650343877,
        "narHash": "sha256-O/3rZ3xarR8seJVUaKR701XQgmlTPLaYb5OahA13s1M=",
        "owner": "hkupty",
        "repo": "iron.nvim",
        "rev": "602ee8cae377a1426017a48ba65d3ea152598fbe",
        "type": "github"
      },
      "original": {
        "owner": "hkupty",
        "repo": "iron.nvim",
        "type": "github"
      }
    },
    "lsp-navigator": {
      "flake": false,
      "locked": {
        "lastModified": 1650972347,
        "narHash": "sha256-YDJNsFoqO1Lv39WKyzWEY4NlGWw01etj0w3uau82r1o=",
        "owner": "ray-x",
        "repo": "navigator.lua",
        "rev": "77b572dd5a6e8140bc61f119f6b4bd83afc76cf8",
        "type": "github"
      },
      "original": {
        "owner": "ray-x",
        "repo": "navigator.lua",
        "type": "github"
      }
    },
    "lspsaga-nvim": {
      "flake": false,
      "locked": {
        "lastModified": 1647219889,
        "narHash": "sha256-utb2Rp6RdYWZzVt4W7B7RHOk4Xq1Lli4RcHxZLa8dHc=",
        "owner": "tami5",
        "repo": "lspsaga.nvim",
        "rev": "5309d75bd90ce5b1708331df3af1e971fa83a2b9",
        "type": "github"
      },
      "original": {
        "owner": "tami5",
        "repo": "lspsaga.nvim",
        "type": "github"
      }
    },
    "lush": {
      "flake": false,
      "locked": {
        "lastModified": 1649732654,
        "narHash": "sha256-eu22/CdASIPksGKsEBQ6yp66FwtkYEMTOHUdp/uomt4=",
        "owner": "rktjmp",
        "repo": "lush.nvim",
        "rev": "87e9039138051ae75f76235924a273ac1a78cc3e",
        "type": "github"
      },
      "original": {
        "owner": "rktjmp",
        "repo": "lush.nvim",
        "type": "github"
      }
    },
    "monochrome": {
      "flake": false,
      "locked": {
        "lastModified": 1626289966,
        "narHash": "sha256-TgilR5jnos2YZeaJUuej35bQ9yE825MQk0s6gxwkAbA=",
        "owner": "kdheepak",
        "repo": "monochrome.nvim",
        "rev": "2de78d9688ea4a177bcd9be554ab9192337d35ff",
        "type": "github"
      },
      "original": {
        "owner": "kdheepak",
        "repo": "monochrome.nvim",
        "type": "github"
      }
    },
    "neon": {
      "flake": false,
      "locked": {
        "lastModified": 1627614626,
        "narHash": "sha256-Y5uGMyH/fXLt3dF5vZAHsJNcBIG77VItFkVKSIAY79w=",
        "owner": "rafamadriz",
        "repo": "neon",
        "rev": "5c6d24504e2177a709ad16ae9e89ab5732327ad8",
        "type": "github"
      },
      "original": {
        "owner": "rafamadriz",
        "repo": "neon",
        "type": "github"
      }
    },
    "neorg": {
      "flake": false,
      "locked": {
        "lastModified": 1650814634,
        "narHash": "sha256-P/kDWuoDzXXDijKjajZAzmsR8KpinpgP6PRyLxq43tA=",
        "owner": "nvim-neorg",
        "repo": "neorg",
        "rev": "6639226ea32d704957ee93e901d8de7796b2526d",
        "type": "github"
      },
      "original": {
        "owner": "nvim-neorg",
        "repo": "neorg",
        "type": "github"
      }
    },
    "neovim": {
      "inputs": {
        "flake-utils": [
          "flake-utils"
        ],
        "nixpkgs": [
          "nixpkgs"
        ]
      },
      "locked": {
        "dir": "contrib",
        "lastModified": 1650022724,
        "narHash": "sha256-eYYaHpfSaYYrLkcD81Y4rsAMYDP1IJ7fLJJepkACkA8=",
        "owner": "neovim",
        "repo": "neovim",
        "rev": "333ba6569d833e22c0d291547d740d4bbfa3fdab",
        "type": "github"
      },
      "original": {
        "dir": "contrib",
        "owner": "neovim",
        "ref": "v0.7.0",
        "repo": "neovim",
        "type": "github"
      }
    },
    "nixpkgs": {
      "locked": {
        "lastModified": 1643381941,
        "narHash": "sha256-pHTwvnN4tTsEKkWlXQ8JMY423epos8wUOhthpwJjtpc=",
        "owner": "NixOS",
        "repo": "nixpkgs",
        "rev": "5efc8ca954272c4376ac929f4c5ffefcc20551d5",
        "type": "github"
      },
      "original": {
        "owner": "NixOS",
        "ref": "nixpkgs-unstable",
        "repo": "nixpkgs",
        "type": "github"
      }
    },
    "nixpkgs_2": {
      "locked": {
        "lastModified": 1650970888,
        "narHash": "sha256-K0Qk6YbkyxBbszkBKCxsLA+jrQpaecf0X8iIO8frS48=",
        "owner": "nixos",
        "repo": "nixpkgs",
        "rev": "27a62a9c603d0d832141682cb4f34964d7b48ebb",
        "type": "github"
      },
      "original": {
        "owner": "nixos",
        "ref": "nixpkgs-unstable",
        "repo": "nixpkgs",
        "type": "github"
      }
    },
    "nvim-cmp": {
      "flake": false,
      "locked": {
        "lastModified": 1650544180,
        "narHash": "sha256-XJ/gJUuPLr6tTBXMTFzx3sUByS2Z3ASShm6b6bVRe2Q=",
        "owner": "hrsh7th",
        "repo": "nvim-cmp",
        "rev": "433af3dffce64cbd3f99bdac9734768a6cc41951",
        "type": "github"
      },
      "original": {
        "owner": "hrsh7th",
        "repo": "nvim-cmp",
        "type": "github"
      }
    },
    "nvim-lspconfig": {
      "flake": false,
      "locked": {
        "lastModified": 1650992881,
        "narHash": "sha256-Fby99TaSB1I71TS2x1VB3537Vpbp16FKV+2ds9EG6WA=",
        "owner": "neovim",
        "repo": "nvim-lspconfig",
        "rev": "e5e721c513d8dc7db3c1282380642f3746bfc4ed",
        "type": "github"
      },
      "original": {
        "owner": "neovim",
        "repo": "nvim-lspconfig",
        "type": "github"
      }
    },
    "nvim-notify": {
      "flake": false,
      "locked": {
        "lastModified": 1650187882,
        "narHash": "sha256-FoFpLMDJANGCJeBSXcGHIaqJ6MaSKdTOknM7MLZDifk=",
        "owner": "rcarriga",
        "repo": "nvim-notify",
        "rev": "2c8f744de34c72a5a1fabcc66da11aa017ffab88",
        "type": "github"
      },
      "original": {
        "owner": "rcarriga",
        "repo": "nvim-notify",
        "type": "github"
      }
    },
    "nvim-spellsitter": {
      "flake": false,
      "locked": {
        "lastModified": 1648571721,
        "narHash": "sha256-lYyTA9hvxljNy0n3xZCCwC1e+W1mBBwdGDKXiWY1x4E=",
        "owner": "lewis6991",
        "repo": "spellsitter.nvim",
        "rev": "f84e7a31c516f2a9cb857a02e4b551b009a81afb",
        "type": "github"
      },
      "original": {
        "owner": "lewis6991",
        "repo": "spellsitter.nvim",
        "type": "github"
      }
    },
    "nvim-telescope": {
      "flake": false,
      "locked": {
        "lastModified": 1650956044,
        "narHash": "sha256-FRpXOomTPS+ntTmR5NaW1/D48aEfPKwMQkdLHgMEipg=",
        "owner": "nvim-telescope",
        "repo": "telescope.nvim",
        "rev": "6a54433038ce6d37e506ff9102ad7fcca121d58a",
        "type": "github"
      },
      "original": {
        "owner": "nvim-telescope",
        "repo": "telescope.nvim",
        "type": "github"
      }
    },
    "nvim-treesitter-textsubjects": {
      "flake": false,
      "locked": {
        "lastModified": 1649118386,
        "narHash": "sha256-txyBLmZA0qhkxMdJM35b2j0vtL2bgR/Xf09rERPf6mY=",
        "owner": "RRethy",
        "repo": "nvim-treesitter-textsubjects",
        "rev": "20d2bd5ffd99a07f554eb75b56d1686a2de9775c",
        "type": "github"
      },
      "original": {
        "owner": "RRethy",
        "repo": "nvim-treesitter-textsubjects",
        "type": "github"
      }
    },
    "octo": {
      "flake": false,
      "locked": {
        "lastModified": 1653310719,
        "narHash": "sha256-Qs2ev69ViM/MdwX0lb8vZNY9Zfsxplb6NBXzCZvhzVI=",
        "owner": "pwntester",
        "repo": "octo.nvim",
        "rev": "5517cbdf302be2abc4ac43e5b8b2a812d0222bbb",
        "type": "github"
      },
      "original": {
        "owner": "pwntester",
        "repo": "octo.nvim",
        "type": "github"
      }
    },
    "rainglow": {
      "flake": false,
      "locked": {
        "lastModified": 1515875106,
        "narHash": "sha256-3m94sIGiF7RUNnLtZ8SIAzjXS2BGGGpC1lvw5QrmPDM=",
        "owner": "rainglow",
        "repo": "vim",
        "rev": "837fd7292274e0ee2f3b5aee4519c3f74d7dc3d1",
        "type": "github"
      },
      "original": {
        "owner": "rainglow",
        "repo": "vim",
        "type": "github"
      }
    },
    "root": {
      "inputs": {
        "aniseed": "aniseed",
        "catpuccino": "catpuccino",
        "cmp-cmdline": "cmp-cmdline",
        "dash-nvim": "dash-nvim",
        "devshell": "devshell",
        "flake-utils": "flake-utils_2",
        "guihua": "guihua",
        "iron-nvim": "iron-nvim",
        "lsp-navigator": "lsp-navigator",
        "lspsaga-nvim": "lspsaga-nvim",
        "lush": "lush",
        "monochrome": "monochrome",
        "neon": "neon",
        "neorg": "neorg",
        "neovim": "neovim",
        "nixpkgs": "nixpkgs_2",
        "nvim-cmp": "nvim-cmp",
        "nvim-lspconfig": "nvim-lspconfig",
        "nvim-notify": "nvim-notify",
        "nvim-spellsitter": "nvim-spellsitter",
        "nvim-telescope": "nvim-telescope",
        "nvim-treesitter-textsubjects": "nvim-treesitter-textsubjects",
        "octo": "octo",
        "rainglow": "rainglow",
        "trouble-nvim": "trouble-nvim",
        "ultest": "ultest",
        "vim-diffview": "vim-diffview",
        "vim-test": "vim-test",
        "zenbones": "zenbones"
      }
    },
    "trouble-nvim": {
      "flake": false,
      "locked": {
        "lastModified": 1647585739,
        "narHash": "sha256-oUf8YbJ9HmSLN8o2c7CXzCYPu7PwKzvVKNiM9HtHQbQ=",
        "owner": "folke",
        "repo": "trouble.nvim",
        "rev": "691d490cc4eadc430d226fa7d77aaa84e2e0a125",
        "type": "github"
      },
      "original": {
        "owner": "folke",
        "repo": "trouble.nvim",
        "type": "github"
      }
    },
    "ultest": {
      "flake": false,
      "locked": {
        "lastModified": 1649505385,
        "narHash": "sha256-3HcxNayG5v+85cLTTdanf4VfiRCF9yzNArod3jcWi1Y=",
        "owner": "rcarriga",
        "repo": "vim-ultest",
        "rev": "a99eb0bdf7d901d538b5dd724e2ab3a958c1799c",
        "type": "github"
      },
      "original": {
        "owner": "rcarriga",
        "repo": "vim-ultest",
        "type": "github"
      }
    },
    "vim-diffview": {
      "flake": false,
      "locked": {
        "lastModified": 1649946265,
        "narHash": "sha256-8VwDfIKuey1LSBdlAI+j+/kJELRmclDMdWEE+eIBlzM=",
        "owner": "sindrets",
        "repo": "diffview.nvim",
        "rev": "2d1f45282587d565cc4d84112490bc944c0b491d",
        "type": "github"
      },
      "original": {
        "owner": "sindrets",
        "repo": "diffview.nvim",
        "type": "github"
      }
    },
    "vim-test": {
      "flake": false,
      "locked": {
        "lastModified": 1649241069,
        "narHash": "sha256-T+1Dlm+mtMTtmuINCxcUTZHfniEaGEYM1r1Xu0oaFos=",
        "owner": "vim-test",
        "repo": "vim-test",
        "rev": "2240d7a4b868cb594b7d83544e1b6db4df806e5e",
        "type": "github"
      },
      "original": {
        "owner": "vim-test",
        "repo": "vim-test",
        "type": "github"
      }
    },
    "zenbones": {
      "flake": false,
      "locked": {
        "lastModified": 1644819321,
        "narHash": "sha256-L9velRUwXaf6QhAx6gqsZT3Zf3LzuEKNUvLIvLyovmM=",
        "owner": "mcchrish",
        "repo": "zenbones.nvim",
        "rev": "1e0b792efd4cee41c8005d6b61a6e1f91a630c6b",
        "type": "github"
      },
      "original": {
        "owner": "mcchrish",
        "repo": "zenbones.nvim",
        "type": "github"
      }
    }
  },
  "root": "root",
  "version": 7
}
