{
  "nodes": {
    "flake-utils": {
      "locked": {
        "lastModified": 1634851050,
        "narHash": "sha256-N83GlSGPJJdcqhUxSCS/WwW5pksYf3VP1M13cDRTSVA=",
        "owner": "numtide",
        "repo": "flake-utils",
        "rev": "c91f3de5adaf1de973b797ef7485e441a65b8935",
        "type": "github"
      },
      "original": {
        "owner": "numtide",
        "repo": "flake-utils",
        "type": "github"
      }
    },
    "nixpkgs": {
      "locked": {
        "lastModified": 1636409124,
        "narHash": "sha256-mX687Iy8SVhhdo16Sdqt0irrEgBjL54viPmOZBZJubQ=",
        "owner": "nixos",
        "repo": "nixpkgs",
        "rev": "d14ae62671fd4eaec57427da1e50f91d6a5f9605",
        "type": "github"
      },
      "original": {
        "owner": "nixos",
        "ref": "nixpkgs-unstable",
        "repo": "nixpkgs",
        "type": "github"
      }
    },
    "nvim-treesitter": {
      "flake": false,
      "locked": {
        "lastModified": 1636381173,
        "narHash": "sha256-ybk/84V+H9Fsgpk8Bb+T6Gn+71soB6vUvdMYJ+vVuJw=",
        "owner": "nvim-treesitter",
        "repo": "nvim-treesitter",
        "rev": "0e25e0e98990803e95c7851236e43b3ee934d443",
        "type": "github"
      },
      "original": {
        "owner": "nvim-treesitter",
        "repo": "nvim-treesitter",
        "type": "github"
      }
    },
    "root": {
      "inputs": {
        "flake-utils": "flake-utils",
        "nixpkgs": "nixpkgs",
        "nvim-treesitter": "nvim-treesitter"
      }
    }
  },
  "root": "root",
  "version": 7
}
